
Microsoft Visual Studio Solution File, Format Version 12.00
# Visual Studio Version 16
VisualStudioVersion = 16.0.30104.148
MinimumVisualStudioVersion = 10.0.40219.1
Project("{FAE04EC0-301F-11D3-BF4B-00C04F79EFBC}") = "ConsoleUI", "ConsoleUI\ConsoleUI.csproj", "{352A0C45-C5D4-44F2-A98D-7A9C5D79D97C}"
EndProject
Global
	GlobalSection(SolutionConfigurationPlatforms) = preSolution
		Debug|Any CPU = Debug|Any CPU
		Release|Any CPU = Release|Any CPU
	EndGlobalSection
	GlobalSection(ProjectConfigurationPlatforms) = postSolution
		{352A0C45-C5D4-44F2-A98D-7A9C5D79D97C}.Debug|Any CPU.ActiveCfg = Debug|Any CPU
		{352A0C45-C5D4-44F2-A98D-7A9C5D79D97C}.Debug|Any CPU.Build.0 = Debug|Any CPU
		{352A0C45-C5D4-44F2-A98D-7A9C5D79D97C}.Release|Any CPU.ActiveCfg = Release|Any CPU
		{352A0C45-C5D4-44F2-A98D-7A9C5D79D97C}.Release|Any CPU.Build.0 = Release|Any CPU
	EndGlobalSection
	GlobalSection(SolutionProperties) = preSolution
		HideSolutionNode = FALSE
	EndGlobalSection
	GlobalSection(ExtensibilityGlobals) = postSolution
		SolutionGuid = {7D195A6B-D60B-41CD-91B0-342FB829B950}
	EndGlobalSection
EndGlobal
